
Microsoft Visual Studio Solution File, Format Version 12.00
# Visual Studio Version 17
VisualStudioVersion = 17.4.33213.308
MinimumVisualStudioVersion = 10.0.40219.1
Project("{FAE04EC0-301F-11D3-BF4B-00C04F79EFBC}") = "Conways'sGameOfLife", "Conways'sGameOfLife\Conways'sGameOfLife.csproj", "{995F5CBC-6638-4D9B-B706-430C94E21B81}"
EndProject
Global
	GlobalSection(SolutionConfigurationPlatforms) = preSolution
		Debug|Any CPU = Debug|Any CPU
		Release|Any CPU = Release|Any CPU
	EndGlobalSection
	GlobalSection(ProjectConfigurationPlatforms) = postSolution
		{995F5CBC-6638-4D9B-B706-430C94E21B81}.Debug|Any CPU.ActiveCfg = Debug|Any CPU
		{995F5CBC-6638-4D9B-B706-430C94E21B81}.Debug|Any CPU.Build.0 = Debug|Any CPU
		{995F5CBC-6638-4D9B-B706-430C94E21B81}.Release|Any CPU.ActiveCfg = Release|Any CPU
		{995F5CBC-6638-4D9B-B706-430C94E21B81}.Release|Any CPU.Build.0 = Release|Any CPU
	EndGlobalSection
	GlobalSection(SolutionProperties) = preSolution
		HideSolutionNode = FALSE
	EndGlobalSection
	GlobalSection(ExtensibilityGlobals) = postSolution
		SolutionGuid = {72DB85DE-DC18-4C7F-B542-07ECADD26DF6}
	EndGlobalSection
EndGlobal
